// !$*UTF8*$!
{
	archiveVersion = 1;
	classes = {
	};
	objectVersion = 50;
	objects = {

/* Begin PBXBuildFile section */
		7FBAF87C224B7DDB007A4FCE /* AppDelegate.swift in Sources */ = {isa = PBXBuildFile; fileRef = 7FBAF87B224B7DDB007A4FCE /* AppDelegate.swift */; };
		7FBAF87E224B7DDB007A4FCE /* ViewController.swift in Sources */ = {isa = PBXBuildFile; fileRef = 7FBAF87D224B7DDB007A4FCE /* ViewController.swift */; };
		7FBAF881224B7DDB007A4FCE /* Main.storyboard in Resources */ = {isa = PBXBuildFile; fileRef = 7FBAF87F224B7DDB007A4FCE /* Main.storyboard */; };
		7FBAF883224B7DDE007A4FCE /* Assets.xcassets in Resources */ = {isa = PBXBuildFile; fileRef = 7FBAF882224B7DDE007A4FCE /* Assets.xcassets */; };
		7FBAF886224B7DDE007A4FCE /* LaunchScreen.storyboard in Resources */ = {isa = PBXBuildFile; fileRef = 7FBAF884224B7DDE007A4FCE /* LaunchScreen.storyboard */; };
		DBDBFA35542BF3F20A9F7BEF /* Pods_YXJCQPublicPod.framework in Frameworks */ = {isa = PBXBuildFile; fileRef = 9B5B98BA651360ADB6362250 /* Pods_YXJCQPublicPod.framework */; };
/* End PBXBuildFile section */

/* Begin PBXFileReference section */
		774B415D325BE4EEF1CE7FCC /* Pods-YXJCQPublicPod.debug.xcconfig */ = {isa = PBXFileReference; includeInIndex = 1; lastKnownFileType = text.xcconfig; name = "Pods-YXJCQPublicPod.debug.xcconfig"; path = "Target Support Files/Pods-YXJCQPublicPod/Pods-YXJCQPublicPod.debug.xcconfig"; sourceTree = "<group>"; };
		7FBAF878224B7DDB007A4FCE /* YXJCQPublicPod.app */ = {isa = PBXFileReference; explicitFileType = wrapper.application; includeInIndex = 0; path = YXJCQPublicPod.app; sourceTree = BUILT_PRODUCTS_DIR; };
		7FBAF87B224B7DDB007A4FCE /* AppDelegate.swift */ = {isa = PBXFileReference; lastKnownFileType = sourcecode.swift; path = AppDelegate.swift; sourceTree = "<group>"; };
		7FBAF87D224B7DDB007A4FCE /* ViewController.swift */ = {isa = PBXFileReference; lastKnownFileType = sourcecode.swift; path = ViewController.swift; sourceTree = "<group>"; };
		7FBAF880224B7DDB007A4FCE /* Base */ = {isa = PBXFileReference; lastKnownFileType = file.storyboard; name = Base; path = Base.lproj/Main.storyboard; sourceTree = "<group>"; };
		7FBAF882224B7DDE007A4FCE /* Assets.xcassets */ = {isa = PBXFileReference; lastKnownFileType = folder.assetcatalog; path = Assets.xcassets; sourceTree = "<group>"; };
		7FBAF885224B7DDE007A4FCE /* Base */ = {isa = PBXFileReference; lastKnownFileType = file.storyboard; name = Base; path = Base.lproj/LaunchScreen.storyboard; sourceTree = "<group>"; };
		7FBAF887224B7DDE007A4FCE /* Info.plist */ = {isa = PBXFileReference; lastKnownFileType = text.plist.xml; path = Info.plist; sourceTree = "<group>"; };
		9B5B98BA651360ADB6362250 /* Pods_YXJCQPublicPod.framework */ = {isa = PBXFileReference; explicitFileType = wrapper.framework; includeInIndex = 0; path = Pods_YXJCQPublicPod.framework; sourceTree = BUILT_PRODUCTS_DIR; };
		F6236D548D60714C50EF7451 /* Pods-YXJCQPublicPod.release.xcconfig */ = {isa = PBXFileReference; includeInIndex = 1; lastKnownFileType = text.xcconfig; name = "Pods-YXJCQPublicPod.release.xcconfig"; path = "Target Support Files/Pods-YXJCQPublicPod/Pods-YXJCQPublicPod.release.xcconfig"; sourceTree = "<group>"; };
/* End PBXFileReference section */

/* Begin PBXFrameworksBuildPhase section */
		7FBAF875224B7DDB007A4FCE /* Frameworks */ = {
			isa = PBXFrameworksBuildPhase;
			buildActionMask = 2147483647;
			files = (
				DBDBFA35542BF3F20A9F7BEF /* Pods_YXJCQPublicPod.framework in Frameworks */,
			);
			runOnlyForDeploymentPostprocessing = 0;
		};
/* End PBXFrameworksBuildPhase section */

/* Begin PBXGroup section */
		6B7A8A9E1A486294CEC7B7D7 /* Pods */ = {
			isa = PBXGroup;
			children = (
				774B415D325BE4EEF1CE7FCC /* Pods-YXJCQPublicPod.debug.xcconfig */,
				F6236D548D60714C50EF7451 /* Pods-YXJCQPublicPod.release.xcconfig */,
			);
			name = Pods;
			path = Pods;
			sourceTree = "<group>";
		};
		7EC696FD28540FF3C3EAF9EF /* Frameworks */ = {
			isa = PBXGroup;
			children = (
				9B5B98BA651360ADB6362250 /* Pods_YXJCQPublicPod.framework */,
			);
			name = Frameworks;
			sourceTree = "<group>";
		};
		7FBAF86F224B7DDA007A4FCE = {
			isa = PBXGroup;
			children = (
				7FBAF87A224B7DDB007A4FCE /* YXJCQPublicPod */,
				7FBAF879224B7DDB007A4FCE /* Products */,
				6B7A8A9E1A486294CEC7B7D7 /* Pods */,
				7EC696FD28540FF3C3EAF9EF /* Frameworks */,
			);
			sourceTree = "<group>";
		};
		7FBAF879224B7DDB007A4FCE /* Products */ = {
			isa = PBXGroup;
			children = (
				7FBAF878224B7DDB007A4FCE /* YXJCQPublicPod.app */,
			);
			name = Products;
			sourceTree = "<group>";
		};
		7FBAF87A224B7DDB007A4FCE /* YXJCQPublicPod */ = {
			isa = PBXGroup;
			children = (
				7FBAF87B224B7DDB007A4FCE /* AppDelegate.swift */,
				7FBAF87D224B7DDB007A4FCE /* ViewController.swift */,
				7FBAF87F224B7DDB007A4FCE /* Main.storyboard */,
				7FBAF882224B7DDE007A4FCE /* Assets.xcassets */,
				7FBAF884224B7DDE007A4FCE /* LaunchScreen.storyboard */,
				7FBAF887224B7DDE007A4FCE /* Info.plist */,
			);
			path = YXJCQPublicPod;
			sourceTree = "<group>";
		};
/* End PBXGroup section */

/* Begin PBXNativeTarget section */
		7FBAF877224B7DDB007A4FCE /* YXJCQPublicPod */ = {
			isa = PBXNativeTarget;
			buildConfigurationList = 7FBAF88A224B7DDE007A4FCE /* Build configuration list for PBXNativeTarget "YXJCQPublicPod" */;
			buildPhases = (
				DD5361AE1DABE7E600CE5D33 /* [CP] Check Pods Manifest.lock */,
				7FBAF874224B7DDB007A4FCE /* Sources */,
				7FBAF875224B7DDB007A4FCE /* Frameworks */,
				7FBAF876224B7DDB007A4FCE /* Resources */,
				6C164E090144AE148ECAA139 /* [CP] Embed Pods Frameworks */,
			);
			buildRules = (
			);
			dependencies = (
			);
			name = YXJCQPublicPod;
			productName = YXJCQPublicPod;
			productReference = 7FBAF878224B7DDB007A4FCE /* YXJCQPublicPod.app */;
			productType = "com.apple.product-type.application";
		};
/* End PBXNativeTarget section */

/* Begin PBXProject section */
		7FBAF870224B7DDB007A4FCE /* Project object */ = {
			isa = PBXProject;
			attributes = {
				LastSwiftUpdateCheck = 1020;
				LastUpgradeCheck = 1020;
				ORGANIZATIONNAME = yixiaojichunqiu;
				TargetAttributes = {
					7FBAF877224B7DDB007A4FCE = {
						CreatedOnToolsVersion = 10.2;
					};
				};
			};
			buildConfigurationList = 7FBAF873224B7DDB007A4FCE /* Build configuration list for PBXProject "YXJCQPublicPod" */;
			compatibilityVersion = "Xcode 9.3";
			developmentRegion = en;
			hasScannedForEncodings = 0;
			knownRegions = (
				en,
				Base,
			);
			mainGroup = 7FBAF86F224B7DDA007A4FCE;
			productRefGroup = 7FBAF879224B7DDB007A4FCE /* Products */;
			projectDirPath = "";
			projectRoot = "";
			targets = (
				7FBAF877224B7DDB007A4FCE /* YXJCQPublicPod */,
			);
		};
/* End PBXProject section */

/* Begin PBXResourcesBuildPhase section */
		7FBAF876224B7DDB007A4FCE /* Resources */ = {
			isa = PBXResourcesBuildPhase;
			buildActionMask = 2147483647;
			files = (
				7FBAF886224B7DDE007A4FCE /* LaunchScreen.storyboard in Resources */,
				7FBAF883224B7DDE007A4FCE /* Assets.xcassets in Resources */,
				7FBAF881224B7DDB007A4FCE /* Main.storyboard in Resources */,
			);
			runOnlyForDeploymentPostprocessing = 0;
		};
/* End PBXResourcesBuildPhase section */

/* Begin PBXShellScriptBuildPhase section */
		6C164E090144AE148ECAA139 /* [CP] Embed Pods Frameworks */ = {
			isa = PBXShellScriptBuildPhase;
			buildActionMask = 2147483647;
			files = (
			);
			inputFileListPaths = (
			);
			inputPaths = (
				"${PODS_ROOT}/Target Support Files/Pods-YXJCQPublicPod/Pods-YXJCQPublicPod-frameworks.sh",
				"${BUILT_PRODUCTS_DIR}/YXJCQPublicPod/YXJCQPublicPod.framework",
			);
			name = "[CP] Embed Pods Frameworks";
			outputFileListPaths = (
			);
			outputPaths = (
				"${TARGET_BUILD_DIR}/${FRAMEWORKS_FOLDER_PATH}/YXJCQPublicPod.framework",
			);
			runOnlyForDeploymentPostprocessing = 0;
			shellPath = /bin/sh;
			shellScript = "\"${PODS_ROOT}/Target Support Files/Pods-YXJCQPublicPod/Pods-YXJCQPublicPod-frameworks.sh\"\n";
			showEnvVarsInLog = 0;
		};
		DD5361AE1DABE7E600CE5D33 /* [CP] Check Pods Manifest.lock */ = {
			isa = PBXShellScriptBuildPhase;
			buildActionMask = 2147483647;
			files = (
			);
			inputFileListPaths = (
			);
			inputPaths = (
				"${PODS_PODFILE_DIR_PATH}/Podfile.lock",
				"${PODS_ROOT}/Manifest.lock",
			);
			name = "[CP] Check Pods Manifest.lock";
			outputFileListPaths = (
			);
			outputPaths = (
				"$(DERIVED_FILE_DIR)/Pods-YXJCQPublicPod-checkManifestLockResult.txt",
			);
			runOnlyForDeploymentPostprocessing = 0;
			shellPath = /bin/sh;
			shellScript = "diff \"${PODS_PODFILE_DIR_PATH}/Podfile.lock\" \"${PODS_ROOT}/Manifest.lock\" > /dev/null\nif [ $? != 0 ] ; then\n    # print error to STDERR\n    echo \"error: The sandbox is not in sync with the Podfile.lock. Run 'pod install' or update your CocoaPods installation.\" >&2\n    exit 1\nfi\n# This output is used by Xcode 'outputs' to avoid re-running this script phase.\necho \"SUCCESS\" > \"${SCRIPT_OUTPUT_FILE_0}\"\n";
			showEnvVarsInLog = 0;
		};
/* End PBXShellScriptBuildPhase section */

/* Begin PBXSourcesBuildPhase section */
		7FBAF874224B7DDB007A4FCE /* Sources */ = {
			isa = PBXSourcesBuildPhase;
			buildActionMask = 2147483647;
			files = (
				7FBAF87E224B7DDB007A4FCE /* ViewController.swift in Sources */,
				7FBAF87C224B7DDB007A4FCE /* AppDelegate.swift in Sources */,
			);
			runOnlyForDeploymentPostprocessing = 0;
		};
/* End PBXSourcesBuildPhase section */

/* Begin PBXVariantGroup section */
		7FBAF87F224B7DDB007A4FCE /* Main.storyboard */ = {
			isa = PBXVariantGroup;
			children = (
				7FBAF880224B7DDB007A4FCE /* Base */,
			);
			name = Main.storyboard;
			sourceTree = "<group>";
		};
		7FBAF884224B7DDE007A4FCE /* LaunchScreen.storyboard */ = {
			isa = PBXVariantGroup;
			children = (
				7FBAF885224B7DDE007A4FCE /* Base */,
			);
			name = LaunchScreen.storyboard;
			sourceTree = "<group>";
		};
/* End PBXVariantGroup section */

/* Begin XCBuildConfiguration section */
		7FBAF888224B7DDE007A4FCE /* Debug */ = {
			isa = XCBuildConfiguration;
			buildSettings = {
				ALWAYS_SEARCH_USER_PATHS = NO;
				CLANG_ANALYZER_NONNULL = YES;
				CLANG_ANALYZER_NUMBER_OBJECT_CONVERSION = YES_AGGRESSIVE;
				CLANG_CXX_LANGUAGE_STANDARD = "gnu++14";
				CLANG_CXX_LIBRARY = "libc++";
				CLANG_ENABLE_MODULES = YES;
				CLANG_ENABLE_OBJC_ARC = YES;
				CLANG_ENABLE_OBJC_WEAK = YES;
				CLANG_WARN_BLOCK_CAPTURE_AUTORELEASING = YES;
				CLANG_WARN_BOOL_CONVERSION = YES;
				CLANG_WARN_COMMA = YES;
				CLANG_WARN_CONSTANT_CONVERSION = YES;
				CLANG_WARN_DEPRECATED_OBJC_IMPLEMENTATIONS = YES;
				CLANG_WARN_DIRECT_OBJC_ISA_USAGE = YES_ERROR;
				CLANG_WARN_DOCUMENTATION_COMMENTS = YES;
				CLANG_WARN_EMPTY_BODY = YES;
				CLANG_WARN_ENUM_CONVERSION = YES;
				CLANG_WARN_INFINITE_RECURSION = YES;
				CLANG_WARN_INT_CONVERSION = YES;
				CLANG_WARN_NON_LITERAL_NULL_CONVERSION = YES;
				CLANG_WARN_OBJC_IMPLICIT_RETAIN_SELF = YES;
				CLANG_WARN_OBJC_LITERAL_CONVERSION = YES;
				CLANG_WARN_OBJC_ROOT_CLASS = YES_ERROR;
				CLANG_WARN_RANGE_LOOP_ANALYSIS = YES;
				CLANG_WARN_STRICT_PROTOTYPES = YES;
				CLANG_WARN_SUSPICIOUS_MOVE = YES;
				CLANG_WARN_UNGUARDED_AVAILABILITY = YES_AGGRESSIVE;
				CLANG_WARN_UNREACHABLE_CODE = YES;
				CLANG_WARN__DUPLICATE_METHOD_MATCH = YES;
				CODE_SIGN_IDENTITY = "iPhone Developer";
				COPY_PHASE_STRIP = NO;
				DEBUG_INFORMATION_FORMAT = dwarf;
				ENABLE_STRICT_OBJC_MSGSEND = YES;
				ENABLE_TESTABILITY = YES;
				GCC_C_LANGUAGE_STANDARD = gnu11;
				GCC_DYNAMIC_NO_PIC = NO;
				GCC_NO_COMMON_BLOCKS = YES;
				GCC_OPTIMIZATION_LEVEL = 0;
				GCC_PREPROCESSOR_DEFINITIONS = (
					"DEBUG=1",
					"$(inherited)",
				);
				GCC_WARN_64_TO_32_BIT_CONVERSION = YES;
				GCC_WARN_ABOUT_RETURN_TYPE = YES_ERROR;
				GCC_WARN_UNDECLARED_SELECTOR = YES;
				GCC_WARN_UNINITIALIZED_AUTOS = YES_AGGRESSIVE;
				GCC_WARN_UNUSED_FUNCTION = YES;
				GCC_WARN_UNUSED_VARIABLE = YES;
				IPHONEOS_DEPLOYMENT_TARGET = 12.2;
				MTL_ENABLE_DEBUG_INFO = INCLUDE_SOURCE;
				MTL_FAST_MATH = YES;
				ONLY_ACTIVE_ARCH = YES;
				SDKROOT = iphoneos;
				SWIFT_ACTIVE_COMPILATION_CONDITIONS = DEBUG;
				SWIFT_OPTIMIZATION_LEVEL = "-Onone";
			};
			name = Debug;
		};
		7FBAF889224B7DDE007A4FCE /* Release */ = {
			isa = XCBuildConfiguration;
			buildSettings = {
				ALWAYS_SEARCH_USER_PATHS = NO;
				CLANG_ANALYZER_NONNULL = YES;
				CLANG_ANALYZER_NUMBER_OBJECT_CONVERSION = YES_AGGRESSIVE;
				CLANG_CXX_LANGUAGE_STANDARD = "gnu++14";
				CLANG_CXX_LIBRARY = "libc++";
				CLANG_ENABLE_MODULES = YES;
				CLANG_ENABLE_OBJC_ARC = YES;
				CLANG_ENABLE_OBJC_WEAK = YES;
				CLANG_WARN_BLOCK_CAPTURE_AUTORELEASING = YES;
				CLANG_WARN_BOOL_CONVERSION = YES;
				CLANG_WARN_COMMA = YES;
				CLANG_WARN_CONSTANT_CONVERSION = YES;
				CLANG_WARN_DEPRECATED_OBJC_IMPLEMENTATIONS = YES;
				CLANG_WARN_DIRECT_OBJC_ISA_USAGE = YES_ERROR;
				CLANG_WARN_DOCUMENTATION_COMMENTS = YES;
				CLANG_WARN_EMPTY_BODY = YES;
				CLANG_WARN_ENUM_CONVERSION = YES;
				CLANG_WARN_INFINITE_RECURSION = YES;
				CLANG_WARN_INT_CONVERSION = YES;
				CLANG_WARN_NON_LITERAL_NULL_CONVERSION = YES;
				CLANG_WARN_OBJC_IMPLICIT_RETAIN_SELF = YES;
				CLANG_WARN_OBJC_LITERAL_CONVERSION = YES;
				CLANG_WARN_OBJC_ROOT_CLASS = YES_ERROR;
				CLANG_WARN_RANGE_LOOP_ANALYSIS = YES;
				CLANG_WARN_STRICT_PROTOTYPES = YES;
				CLANG_WARN_SUSPICIOUS_MOVE = YES;
				CLANG_WARN_UNGUARDED_AVAILABILITY = YES_AGGRESSIVE;
				CLANG_WARN_UNREACHABLE_CODE = YES;
				CLANG_WARN__DUPLICATE_METHOD_MATCH = YES;
				CODE_SIGN_IDENTITY = "iPhone Developer";
				COPY_PHASE_STRIP = NO;
				DEBUG_INFORMATION_FORMAT = "dwarf-with-dsym";
				ENABLE_NS_ASSERTIONS = NO;
				ENABLE_STRICT_OBJC_MSGSEND = YES;
				GCC_C_LANGUAGE_STANDARD = gnu11;
				GCC_NO_COMMON_BLOCKS = YES;
				GCC_WARN_64_TO_32_BIT_CONVERSION = YES;
				GCC_WARN_ABOUT_RETURN_TYPE = YES_ERROR;
				GCC_WARN_UNDECLARED_SELECTOR = YES;
				GCC_WARN_UNINITIALIZED_AUTOS = YES_AGGRESSIVE;
				GCC_WARN_UNUSED_FUNCTION = YES;
				GCC_WARN_UNUSED_VARIABLE = YES;
				IPHONEOS_DEPLOYMENT_TARGET = 12.2;
				MTL_ENABLE_DEBUG_INFO = NO;
				MTL_FAST_MATH = YES;
				SDKROOT = iphoneos;
				SWIFT_COMPILATION_MODE = wholemodule;
				SWIFT_OPTIMIZATION_LEVEL = "-O";
				VALIDATE_PRODUCT = YES;
			};
			name = Release;
		};
		7FBAF88B224B7DDE007A4FCE /* Debug */ = {
			isa = XCBuildConfiguration;
			baseConfigurationReference = 774B415D325BE4EEF1CE7FCC /* Pods-YXJCQPublicPod.debug.xcconfig */;
			buildSettings = {
				ASSETCATALOG_COMPILER_APPICON_NAME = AppIcon;
				CODE_SIGN_STYLE = Automatic;
				INFOPLIST_FILE = YXJCQPublicPod/Info.plist;
				LD_RUNPATH_SEARCH_PATHS = (
					"$(inherited)",
					"@executable_path/Frameworks",
				);
				PRODUCT_BUNDLE_IDENTIFIER = com.yixiaojichunqiu.YXJCQPublicPod;
				PRODUCT_NAME = "$(TARGET_NAME)";
				SWIFT_VERSION = 5.0;
				TARGETED_DEVICE_FAMILY = "1,2";
			};
			name = Debug;
		};
		7FBAF88C224B7DDE007A4FCE /* Release */ = {
			isa = XCBuildConfiguration;
			baseConfigurationReference = F6236D548D60714C50EF7451 /* Pods-YXJCQPublicPod.release.xcconfig */;
			buildSettings = {
				ASSETCATALOG_COMPILER_APPICON_NAME = AppIcon;
				CODE_SIGN_STYLE = Automatic;
				INFOPLIST_FILE = YXJCQPublicPod/Info.plist;
				LD_RUNPATH_SEARCH_PATHS = (
					"$(inherited)",
					"@executable_path/Frameworks",
				);
				PRODUCT_BUNDLE_IDENTIFIER = com.yixiaojichunqiu.YXJCQPublicPod;
				PRODUCT_NAME = "$(TARGET_NAME)";
				SWIFT_VERSION = 5.0;
				TARGETED_DEVICE_FAMILY = "1,2";
			};
			name = Release;
		};
/* End XCBuildConfiguration section */

/* Begin XCConfigurationList section */
		7FBAF873224B7DDB007A4FCE /* Build configuration list for PBXProject "YXJCQPublicPod" */ = {
			isa = XCConfigurationList;
			buildConfigurations = (
				7FBAF888224B7DDE007A4FCE /* Debug */,
				7FBAF889224B7DDE007A4FCE /* Release */,
			);
			defaultConfigurationIsVisible = 0;
			defaultConfigurationName = Release;
		};
		7FBAF88A224B7DDE007A4FCE /* Build configuration list for PBXNativeTarget "YXJCQPublicPod" */ = {
			isa = XCConfigurationList;
			buildConfigurations = (
				7FBAF88B224B7DDE007A4FCE /* Debug */,
				7FBAF88C224B7DDE007A4FCE /* Release */,
			);
			defaultConfigurationIsVisible = 0;
			defaultConfigurationName = Release;
		};
/* End XCConfigurationList section */
	};
	rootObject = 7FBAF870224B7DDB007A4FCE /* Project object */;
}
